
Microsoft Visual Studio Solution File, Format Version 12.00
# Visual Studio Version 17
VisualStudioVersion = 17.12.35527.113
MinimumVisualStudioVersion = 10.0.40219.1
Project("{8BC9CEB8-8B4A-11D0-8D11-00A0C91BC942}") = "1.Array", "1.Array\1.Array.vcxproj", "{A5F6E315-1CB1-45D9-80F5-C6C07A49C9C0}"
EndProject
Project("{8BC9CEB8-8B4A-11D0-8D11-00A0C91BC942}") = "2.List", "List\List.vcxproj", "{3E4955AA-FAE0-40D6-A9FD-CCB213E25685}"
EndProject
Project("{8BC9CEB8-8B4A-11D0-8D11-00A0C91BC942}") = "3.LinkedList", "3.LinkedList\3.LinkedList.vcxproj", "{0467A887-C0D9-438A-A740-97590B737278}"
EndProject
Project("{8BC9CEB8-8B4A-11D0-8D11-00A0C91BC942}") = "4.TemplateLinkedList", "4.TemplateLinkedList\4.TemplateLinkedList.vcxproj", "{B63CF9AD-5678-4924-A379-C59EA58C16BF}"
EndProject
Project("{8BC9CEB8-8B4A-11D0-8D11-00A0C91BC942}") = "5.DoubleLinkedList", "5.DoubleLinkedList\5.DoubleLinkedList.vcxproj", "{A2E42385-7D7C-4157-A7B4-A2A036672767}"
EndProject
Project("{8BC9CEB8-8B4A-11D0-8D11-00A0C91BC942}") = "6.ExpStack", "ExpStack\ExpStack.vcxproj", "{D6C9CD20-F93C-404C-BE52-6AC3B2E794D6}"
EndProject
Project("{8BC9CEB8-8B4A-11D0-8D11-00A0C91BC942}") = "7.TemplateStack", "Project1\Project1.vcxproj", "{930EB04C-D2B7-4CCF-8C88-D977B41BE798}"
EndProject
Project("{8BC9CEB8-8B4A-11D0-8D11-00A0C91BC942}") = "8.StackMaze", "8.StackMaze\8.StackMaze.vcxproj", "{7E874BBF-E84E-4868-A27C-731374C41DCE}"
EndProject
Project("{8BC9CEB8-8B4A-11D0-8D11-00A0C91BC942}") = "9.Queue", "9.Queue\9.Queue.vcxproj", "{6016665A-3030-4D4A-9FF1-E139B6A11F2E}"
EndProject
Project("{8BC9CEB8-8B4A-11D0-8D11-00A0C91BC942}") = "10.TemplateQueue", "10.TemplateQueue\10.TemplateQueue.vcxproj", "{AB80F1F8-A91C-4846-AEA0-8D5DA8B3C884}"
EndProject
Project("{8BC9CEB8-8B4A-11D0-8D11-00A0C91BC942}") = "11.QueueMaze", "11.QueueMaze\11.QueueMaze.vcxproj", "{7540EFDD-FF23-4F34-93A4-16F2180720C7}"
EndProject
Project("{8BC9CEB8-8B4A-11D0-8D11-00A0C91BC942}") = "12.Deque", "12.Deque\12.Deque.vcxproj", "{6C77A317-741E-4829-9484-CB0E662E39E3}"
EndProject
Project("{8BC9CEB8-8B4A-11D0-8D11-00A0C91BC942}") = "13.TemplateDeque", "13.TemplateDeque\13.TemplateDeque.vcxproj", "{46613078-10B0-427D-8E61-DC7986FDB3BA}"
EndProject
Project("{8BC9CEB8-8B4A-11D0-8D11-00A0C91BC942}") = "14.HashTable", "14.HashTable\14.HashTable.vcxproj", "{A4C104E5-B3A0-48A1-8DC9-8112D7EE4DBF}"
EndProject
Project("{8BC9CEB8-8B4A-11D0-8D11-00A0C91BC942}") = "15.Tree", "15.Tree\15.Tree.vcxproj", "{0394F126-6B57-426E-B885-962D09BF1022}"
EndProject
Project("{8BC9CEB8-8B4A-11D0-8D11-00A0C91BC942}") = "16.BinaryTree", "16.BinaryTree\16.BinaryTree.vcxproj", "{2066C31C-A9D1-47F0-81FD-865E16B52B64}"
EndProject
Project("{2150E333-8FDC-42A3-9474-1A3956D46DE8}") = "STL", "STL", "{0A254A01-AD66-46AD-894E-ADF5ED748391}"
EndProject
Project("{8BC9CEB8-8B4A-11D0-8D11-00A0C91BC942}") = "1. STL_LinkedList", "1. STL_LinkedList\1. STL_LinkedList.vcxproj", "{D8C0769E-99F5-44E2-93D4-361790B431CA}"
EndProject
Project("{8BC9CEB8-8B4A-11D0-8D11-00A0C91BC942}") = "4_2.UnsortedTemplateLinkedList", "4_2.UnsortedTemplateLinkedList\4_2.UnsortedTemplateLinkedList.vcxproj", "{878842CC-A479-4D29-A2AB-75CE12AB593C}"
EndProject
Project("{8BC9CEB8-8B4A-11D0-8D11-00A0C91BC942}") = "17.BST", "BST\BST.vcxproj", "{19FD962B-D8C0-461A-8DBA-ED7B96B5AF4C}"
EndProject
Project("{8BC9CEB8-8B4A-11D0-8D11-00A0C91BC942}") = "2. STL_Vector", "STL_Vector\STL_Vector.vcxproj", "{C7FEC9EE-600E-4C5D-974C-B598DFE085B0}"
EndProject
Project("{8BC9CEB8-8B4A-11D0-8D11-00A0C91BC942}") = "2_1. VectorProblem", "VectorProblem\VectorProblem.vcxproj", "{7C21A6B1-BFB6-4AF9-9BA1-8B661F6F7840}"
EndProject
Project("{8BC9CEB8-8B4A-11D0-8D11-00A0C91BC942}") = "3. STL_List", "3. STL_List\3. STL_List.vcxproj", "{00FDA619-E0B2-479A-8A00-A2C6555FBD32}"
EndProject
Project("{8BC9CEB8-8B4A-11D0-8D11-00A0C91BC942}") = "3_1. ListProblem", "3_1. ListProblem\3_1. ListProblem.vcxproj", "{FAB0DA19-86FD-4995-BE88-4426024A7683}"
EndProject
Project("{8BC9CEB8-8B4A-11D0-8D11-00A0C91BC942}") = "4. STL_Deque", "4.Deque\4.Deque.vcxproj", "{4A2684F1-445E-486D-BF73-2801A84F7985}"
EndProject
Project("{8BC9CEB8-8B4A-11D0-8D11-00A0C91BC942}") = "5. STL_UnorderedMap", "5. STL_UnorderedMap\5. STL_UnorderedMap.vcxproj", "{62AA7ED9-7355-4A28-AE22-E60044EECF9A}"
EndProject
Project("{8BC9CEB8-8B4A-11D0-8D11-00A0C91BC942}") = "6. STL_Map", "6. STL_Map\6. STL_Map.vcxproj", "{16E7F55E-D690-4805-A81A-BDBE43188D24}"
EndProject
Global
	GlobalSection(SolutionConfigurationPlatforms) = preSolution
		Debug|x64 = Debug|x64
		Debug|x86 = Debug|x86
		Release|x64 = Release|x64
		Release|x86 = Release|x86
	EndGlobalSection
	GlobalSection(ProjectConfigurationPlatforms) = postSolution
		{A5F6E315-1CB1-45D9-80F5-C6C07A49C9C0}.Debug|x64.ActiveCfg = Debug|x64
		{A5F6E315-1CB1-45D9-80F5-C6C07A49C9C0}.Debug|x64.Build.0 = Debug|x64
		{A5F6E315-1CB1-45D9-80F5-C6C07A49C9C0}.Debug|x86.ActiveCfg = Debug|Win32
		{A5F6E315-1CB1-45D9-80F5-C6C07A49C9C0}.Debug|x86.Build.0 = Debug|Win32
		{A5F6E315-1CB1-45D9-80F5-C6C07A49C9C0}.Release|x64.ActiveCfg = Release|x64
		{A5F6E315-1CB1-45D9-80F5-C6C07A49C9C0}.Release|x64.Build.0 = Release|x64
		{A5F6E315-1CB1-45D9-80F5-C6C07A49C9C0}.Release|x86.ActiveCfg = Release|Win32
		{A5F6E315-1CB1-45D9-80F5-C6C07A49C9C0}.Release|x86.Build.0 = Release|Win32
		{3E4955AA-FAE0-40D6-A9FD-CCB213E25685}.Debug|x64.ActiveCfg = Debug|x64
		{3E4955AA-FAE0-40D6-A9FD-CCB213E25685}.Debug|x64.Build.0 = Debug|x64
		{3E4955AA-FAE0-40D6-A9FD-CCB213E25685}.Debug|x86.ActiveCfg = Debug|Win32
		{3E4955AA-FAE0-40D6-A9FD-CCB213E25685}.Debug|x86.Build.0 = Debug|Win32
		{3E4955AA-FAE0-40D6-A9FD-CCB213E25685}.Release|x64.ActiveCfg = Release|x64
		{3E4955AA-FAE0-40D6-A9FD-CCB213E25685}.Release|x64.Build.0 = Release|x64
		{3E4955AA-FAE0-40D6-A9FD-CCB213E25685}.Release|x86.ActiveCfg = Release|Win32
		{3E4955AA-FAE0-40D6-A9FD-CCB213E25685}.Release|x86.Build.0 = Release|Win32
		{0467A887-C0D9-438A-A740-97590B737278}.Debug|x64.ActiveCfg = Debug|x64
		{0467A887-C0D9-438A-A740-97590B737278}.Debug|x64.Build.0 = Debug|x64
		{0467A887-C0D9-438A-A740-97590B737278}.Debug|x86.ActiveCfg = Debug|Win32
		{0467A887-C0D9-438A-A740-97590B737278}.Debug|x86.Build.0 = Debug|Win32
		{0467A887-C0D9-438A-A740-97590B737278}.Release|x64.ActiveCfg = Release|x64
		{0467A887-C0D9-438A-A740-97590B737278}.Release|x64.Build.0 = Release|x64
		{0467A887-C0D9-438A-A740-97590B737278}.Release|x86.ActiveCfg = Release|Win32
		{0467A887-C0D9-438A-A740-97590B737278}.Release|x86.Build.0 = Release|Win32
		{B63CF9AD-5678-4924-A379-C59EA58C16BF}.Debug|x64.ActiveCfg = Debug|x64
		{B63CF9AD-5678-4924-A379-C59EA58C16BF}.Debug|x64.Build.0 = Debug|x64
		{B63CF9AD-5678-4924-A379-C59EA58C16BF}.Debug|x86.ActiveCfg = Debug|Win32
		{B63CF9AD-5678-4924-A379-C59EA58C16BF}.Debug|x86.Build.0 = Debug|Win32
		{B63CF9AD-5678-4924-A379-C59EA58C16BF}.Release|x64.ActiveCfg = Release|x64
		{B63CF9AD-5678-4924-A379-C59EA58C16BF}.Release|x64.Build.0 = Release|x64
		{B63CF9AD-5678-4924-A379-C59EA58C16BF}.Release|x86.ActiveCfg = Release|Win32
		{B63CF9AD-5678-4924-A379-C59EA58C16BF}.Release|x86.Build.0 = Release|Win32
		{A2E42385-7D7C-4157-A7B4-A2A036672767}.Debug|x64.ActiveCfg = Debug|x64
		{A2E42385-7D7C-4157-A7B4-A2A036672767}.Debug|x64.Build.0 = Debug|x64
		{A2E42385-7D7C-4157-A7B4-A2A036672767}.Debug|x86.ActiveCfg = Debug|Win32
		{A2E42385-7D7C-4157-A7B4-A2A036672767}.Debug|x86.Build.0 = Debug|Win32
		{A2E42385-7D7C-4157-A7B4-A2A036672767}.Release|x64.ActiveCfg = Release|x64
		{A2E42385-7D7C-4157-A7B4-A2A036672767}.Release|x64.Build.0 = Release|x64
		{A2E42385-7D7C-4157-A7B4-A2A036672767}.Release|x86.ActiveCfg = Release|Win32
		{A2E42385-7D7C-4157-A7B4-A2A036672767}.Release|x86.Build.0 = Release|Win32
		{D6C9CD20-F93C-404C-BE52-6AC3B2E794D6}.Debug|x64.ActiveCfg = Debug|x64
		{D6C9CD20-F93C-404C-BE52-6AC3B2E794D6}.Debug|x64.Build.0 = Debug|x64
		{D6C9CD20-F93C-404C-BE52-6AC3B2E794D6}.Debug|x86.ActiveCfg = Debug|Win32
		{D6C9CD20-F93C-404C-BE52-6AC3B2E794D6}.Debug|x86.Build.0 = Debug|Win32
		{D6C9CD20-F93C-404C-BE52-6AC3B2E794D6}.Release|x64.ActiveCfg = Release|x64
		{D6C9CD20-F93C-404C-BE52-6AC3B2E794D6}.Release|x64.Build.0 = Release|x64
		{D6C9CD20-F93C-404C-BE52-6AC3B2E794D6}.Release|x86.ActiveCfg = Release|Win32
		{D6C9CD20-F93C-404C-BE52-6AC3B2E794D6}.Release|x86.Build.0 = Release|Win32
		{930EB04C-D2B7-4CCF-8C88-D977B41BE798}.Debug|x64.ActiveCfg = Debug|x64
		{930EB04C-D2B7-4CCF-8C88-D977B41BE798}.Debug|x64.Build.0 = Debug|x64
		{930EB04C-D2B7-4CCF-8C88-D977B41BE798}.Debug|x86.ActiveCfg = Debug|Win32
		{930EB04C-D2B7-4CCF-8C88-D977B41BE798}.Debug|x86.Build.0 = Debug|Win32
		{930EB04C-D2B7-4CCF-8C88-D977B41BE798}.Release|x64.ActiveCfg = Release|x64
		{930EB04C-D2B7-4CCF-8C88-D977B41BE798}.Release|x64.Build.0 = Release|x64
		{930EB04C-D2B7-4CCF-8C88-D977B41BE798}.Release|x86.ActiveCfg = Release|Win32
		{930EB04C-D2B7-4CCF-8C88-D977B41BE798}.Release|x86.Build.0 = Release|Win32
		{7E874BBF-E84E-4868-A27C-731374C41DCE}.Debug|x64.ActiveCfg = Debug|x64
		{7E874BBF-E84E-4868-A27C-731374C41DCE}.Debug|x64.Build.0 = Debug|x64
		{7E874BBF-E84E-4868-A27C-731374C41DCE}.Debug|x86.ActiveCfg = Debug|Win32
		{7E874BBF-E84E-4868-A27C-731374C41DCE}.Debug|x86.Build.0 = Debug|Win32
		{7E874BBF-E84E-4868-A27C-731374C41DCE}.Release|x64.ActiveCfg = Release|x64
		{7E874BBF-E84E-4868-A27C-731374C41DCE}.Release|x64.Build.0 = Release|x64
		{7E874BBF-E84E-4868-A27C-731374C41DCE}.Release|x86.ActiveCfg = Release|Win32
		{7E874BBF-E84E-4868-A27C-731374C41DCE}.Release|x86.Build.0 = Release|Win32
		{6016665A-3030-4D4A-9FF1-E139B6A11F2E}.Debug|x64.ActiveCfg = Debug|x64
		{6016665A-3030-4D4A-9FF1-E139B6A11F2E}.Debug|x64.Build.0 = Debug|x64
		{6016665A-3030-4D4A-9FF1-E139B6A11F2E}.Debug|x86.ActiveCfg = Debug|Win32
		{6016665A-3030-4D4A-9FF1-E139B6A11F2E}.Debug|x86.Build.0 = Debug|Win32
		{6016665A-3030-4D4A-9FF1-E139B6A11F2E}.Release|x64.ActiveCfg = Release|x64
		{6016665A-3030-4D4A-9FF1-E139B6A11F2E}.Release|x64.Build.0 = Release|x64
		{6016665A-3030-4D4A-9FF1-E139B6A11F2E}.Release|x86.ActiveCfg = Release|Win32
		{6016665A-3030-4D4A-9FF1-E139B6A11F2E}.Release|x86.Build.0 = Release|Win32
		{AB80F1F8-A91C-4846-AEA0-8D5DA8B3C884}.Debug|x64.ActiveCfg = Debug|x64
		{AB80F1F8-A91C-4846-AEA0-8D5DA8B3C884}.Debug|x64.Build.0 = Debug|x64
		{AB80F1F8-A91C-4846-AEA0-8D5DA8B3C884}.Debug|x86.ActiveCfg = Debug|Win32
		{AB80F1F8-A91C-4846-AEA0-8D5DA8B3C884}.Debug|x86.Build.0 = Debug|Win32
		{AB80F1F8-A91C-4846-AEA0-8D5DA8B3C884}.Release|x64.ActiveCfg = Release|x64
		{AB80F1F8-A91C-4846-AEA0-8D5DA8B3C884}.Release|x64.Build.0 = Release|x64
		{AB80F1F8-A91C-4846-AEA0-8D5DA8B3C884}.Release|x86.ActiveCfg = Release|Win32
		{AB80F1F8-A91C-4846-AEA0-8D5DA8B3C884}.Release|x86.Build.0 = Release|Win32
		{7540EFDD-FF23-4F34-93A4-16F2180720C7}.Debug|x64.ActiveCfg = Debug|x64
		{7540EFDD-FF23-4F34-93A4-16F2180720C7}.Debug|x64.Build.0 = Debug|x64
		{7540EFDD-FF23-4F34-93A4-16F2180720C7}.Debug|x86.ActiveCfg = Debug|Win32
		{7540EFDD-FF23-4F34-93A4-16F2180720C7}.Debug|x86.Build.0 = Debug|Win32
		{7540EFDD-FF23-4F34-93A4-16F2180720C7}.Release|x64.ActiveCfg = Release|x64
		{7540EFDD-FF23-4F34-93A4-16F2180720C7}.Release|x64.Build.0 = Release|x64
		{7540EFDD-FF23-4F34-93A4-16F2180720C7}.Release|x86.ActiveCfg = Release|Win32
		{7540EFDD-FF23-4F34-93A4-16F2180720C7}.Release|x86.Build.0 = Release|Win32
		{6C77A317-741E-4829-9484-CB0E662E39E3}.Debug|x64.ActiveCfg = Debug|x64
		{6C77A317-741E-4829-9484-CB0E662E39E3}.Debug|x64.Build.0 = Debug|x64
		{6C77A317-741E-4829-9484-CB0E662E39E3}.Debug|x86.ActiveCfg = Debug|Win32
		{6C77A317-741E-4829-9484-CB0E662E39E3}.Debug|x86.Build.0 = Debug|Win32
		{6C77A317-741E-4829-9484-CB0E662E39E3}.Release|x64.ActiveCfg = Release|x64
		{6C77A317-741E-4829-9484-CB0E662E39E3}.Release|x64.Build.0 = Release|x64
		{6C77A317-741E-4829-9484-CB0E662E39E3}.Release|x86.ActiveCfg = Release|Win32
		{6C77A317-741E-4829-9484-CB0E662E39E3}.Release|x86.Build.0 = Release|Win32
		{46613078-10B0-427D-8E61-DC7986FDB3BA}.Debug|x64.ActiveCfg = Debug|x64
		{46613078-10B0-427D-8E61-DC7986FDB3BA}.Debug|x64.Build.0 = Debug|x64
		{46613078-10B0-427D-8E61-DC7986FDB3BA}.Debug|x86.ActiveCfg = Debug|Win32
		{46613078-10B0-427D-8E61-DC7986FDB3BA}.Debug|x86.Build.0 = Debug|Win32
		{46613078-10B0-427D-8E61-DC7986FDB3BA}.Release|x64.ActiveCfg = Release|x64
		{46613078-10B0-427D-8E61-DC7986FDB3BA}.Release|x64.Build.0 = Release|x64
		{46613078-10B0-427D-8E61-DC7986FDB3BA}.Release|x86.ActiveCfg = Release|Win32
		{46613078-10B0-427D-8E61-DC7986FDB3BA}.Release|x86.Build.0 = Release|Win32
		{A4C104E5-B3A0-48A1-8DC9-8112D7EE4DBF}.Debug|x64.ActiveCfg = Debug|x64
		{A4C104E5-B3A0-48A1-8DC9-8112D7EE4DBF}.Debug|x64.Build.0 = Debug|x64
		{A4C104E5-B3A0-48A1-8DC9-8112D7EE4DBF}.Debug|x86.ActiveCfg = Debug|Win32
		{A4C104E5-B3A0-48A1-8DC9-8112D7EE4DBF}.Debug|x86.Build.0 = Debug|Win32
		{A4C104E5-B3A0-48A1-8DC9-8112D7EE4DBF}.Release|x64.ActiveCfg = Release|x64
		{A4C104E5-B3A0-48A1-8DC9-8112D7EE4DBF}.Release|x64.Build.0 = Release|x64
		{A4C104E5-B3A0-48A1-8DC9-8112D7EE4DBF}.Release|x86.ActiveCfg = Release|Win32
		{A4C104E5-B3A0-48A1-8DC9-8112D7EE4DBF}.Release|x86.Build.0 = Release|Win32
		{0394F126-6B57-426E-B885-962D09BF1022}.Debug|x64.ActiveCfg = Debug|x64
		{0394F126-6B57-426E-B885-962D09BF1022}.Debug|x64.Build.0 = Debug|x64
		{0394F126-6B57-426E-B885-962D09BF1022}.Debug|x86.ActiveCfg = Debug|Win32
		{0394F126-6B57-426E-B885-962D09BF1022}.Debug|x86.Build.0 = Debug|Win32
		{0394F126-6B57-426E-B885-962D09BF1022}.Release|x64.ActiveCfg = Release|x64
		{0394F126-6B57-426E-B885-962D09BF1022}.Release|x64.Build.0 = Release|x64
		{0394F126-6B57-426E-B885-962D09BF1022}.Release|x86.ActiveCfg = Release|Win32
		{0394F126-6B57-426E-B885-962D09BF1022}.Release|x86.Build.0 = Release|Win32
		{2066C31C-A9D1-47F0-81FD-865E16B52B64}.Debug|x64.ActiveCfg = Debug|x64
		{2066C31C-A9D1-47F0-81FD-865E16B52B64}.Debug|x64.Build.0 = Debug|x64
		{2066C31C-A9D1-47F0-81FD-865E16B52B64}.Debug|x86.ActiveCfg = Debug|Win32
		{2066C31C-A9D1-47F0-81FD-865E16B52B64}.Debug|x86.Build.0 = Debug|Win32
		{2066C31C-A9D1-47F0-81FD-865E16B52B64}.Release|x64.ActiveCfg = Release|x64
		{2066C31C-A9D1-47F0-81FD-865E16B52B64}.Release|x64.Build.0 = Release|x64
		{2066C31C-A9D1-47F0-81FD-865E16B52B64}.Release|x86.ActiveCfg = Release|Win32
		{2066C31C-A9D1-47F0-81FD-865E16B52B64}.Release|x86.Build.0 = Release|Win32
		{D8C0769E-99F5-44E2-93D4-361790B431CA}.Debug|x64.ActiveCfg = Debug|x64
		{D8C0769E-99F5-44E2-93D4-361790B431CA}.Debug|x64.Build.0 = Debug|x64
		{D8C0769E-99F5-44E2-93D4-361790B431CA}.Debug|x86.ActiveCfg = Debug|Win32
		{D8C0769E-99F5-44E2-93D4-361790B431CA}.Debug|x86.Build.0 = Debug|Win32
		{D8C0769E-99F5-44E2-93D4-361790B431CA}.Release|x64.ActiveCfg = Release|x64
		{D8C0769E-99F5-44E2-93D4-361790B431CA}.Release|x64.Build.0 = Release|x64
		{D8C0769E-99F5-44E2-93D4-361790B431CA}.Release|x86.ActiveCfg = Release|Win32
		{D8C0769E-99F5-44E2-93D4-361790B431CA}.Release|x86.Build.0 = Release|Win32
		{878842CC-A479-4D29-A2AB-75CE12AB593C}.Debug|x64.ActiveCfg = Debug|x64
		{878842CC-A479-4D29-A2AB-75CE12AB593C}.Debug|x64.Build.0 = Debug|x64
		{878842CC-A479-4D29-A2AB-75CE12AB593C}.Debug|x86.ActiveCfg = Debug|Win32
		{878842CC-A479-4D29-A2AB-75CE12AB593C}.Debug|x86.Build.0 = Debug|Win32
		{878842CC-A479-4D29-A2AB-75CE12AB593C}.Release|x64.ActiveCfg = Release|x64
		{878842CC-A479-4D29-A2AB-75CE12AB593C}.Release|x64.Build.0 = Release|x64
		{878842CC-A479-4D29-A2AB-75CE12AB593C}.Release|x86.ActiveCfg = Release|Win32
		{878842CC-A479-4D29-A2AB-75CE12AB593C}.Release|x86.Build.0 = Release|Win32
		{19FD962B-D8C0-461A-8DBA-ED7B96B5AF4C}.Debug|x64.ActiveCfg = Debug|x64
		{19FD962B-D8C0-461A-8DBA-ED7B96B5AF4C}.Debug|x64.Build.0 = Debug|x64
		{19FD962B-D8C0-461A-8DBA-ED7B96B5AF4C}.Debug|x86.ActiveCfg = Debug|Win32
		{19FD962B-D8C0-461A-8DBA-ED7B96B5AF4C}.Debug|x86.Build.0 = Debug|Win32
		{19FD962B-D8C0-461A-8DBA-ED7B96B5AF4C}.Release|x64.ActiveCfg = Release|x64
		{19FD962B-D8C0-461A-8DBA-ED7B96B5AF4C}.Release|x64.Build.0 = Release|x64
		{19FD962B-D8C0-461A-8DBA-ED7B96B5AF4C}.Release|x86.ActiveCfg = Release|Win32
		{19FD962B-D8C0-461A-8DBA-ED7B96B5AF4C}.Release|x86.Build.0 = Release|Win32
		{C7FEC9EE-600E-4C5D-974C-B598DFE085B0}.Debug|x64.ActiveCfg = Debug|x64
		{C7FEC9EE-600E-4C5D-974C-B598DFE085B0}.Debug|x64.Build.0 = Debug|x64
		{C7FEC9EE-600E-4C5D-974C-B598DFE085B0}.Debug|x86.ActiveCfg = Debug|Win32
		{C7FEC9EE-600E-4C5D-974C-B598DFE085B0}.Debug|x86.Build.0 = Debug|Win32
		{C7FEC9EE-600E-4C5D-974C-B598DFE085B0}.Release|x64.ActiveCfg = Release|x64
		{C7FEC9EE-600E-4C5D-974C-B598DFE085B0}.Release|x64.Build.0 = Release|x64
		{C7FEC9EE-600E-4C5D-974C-B598DFE085B0}.Release|x86.ActiveCfg = Release|Win32
		{C7FEC9EE-600E-4C5D-974C-B598DFE085B0}.Release|x86.Build.0 = Release|Win32
		{7C21A6B1-BFB6-4AF9-9BA1-8B661F6F7840}.Debug|x64.ActiveCfg = Debug|x64
		{7C21A6B1-BFB6-4AF9-9BA1-8B661F6F7840}.Debug|x64.Build.0 = Debug|x64
		{7C21A6B1-BFB6-4AF9-9BA1-8B661F6F7840}.Debug|x86.ActiveCfg = Debug|Win32
		{7C21A6B1-BFB6-4AF9-9BA1-8B661F6F7840}.Debug|x86.Build.0 = Debug|Win32
		{7C21A6B1-BFB6-4AF9-9BA1-8B661F6F7840}.Release|x64.ActiveCfg = Release|x64
		{7C21A6B1-BFB6-4AF9-9BA1-8B661F6F7840}.Release|x64.Build.0 = Release|x64
		{7C21A6B1-BFB6-4AF9-9BA1-8B661F6F7840}.Release|x86.ActiveCfg = Release|Win32
		{7C21A6B1-BFB6-4AF9-9BA1-8B661F6F7840}.Release|x86.Build.0 = Release|Win32
		{00FDA619-E0B2-479A-8A00-A2C6555FBD32}.Debug|x64.ActiveCfg = Debug|x64
		{00FDA619-E0B2-479A-8A00-A2C6555FBD32}.Debug|x64.Build.0 = Debug|x64
		{00FDA619-E0B2-479A-8A00-A2C6555FBD32}.Debug|x86.ActiveCfg = Debug|Win32
		{00FDA619-E0B2-479A-8A00-A2C6555FBD32}.Debug|x86.Build.0 = Debug|Win32
		{00FDA619-E0B2-479A-8A00-A2C6555FBD32}.Release|x64.ActiveCfg = Release|x64
		{00FDA619-E0B2-479A-8A00-A2C6555FBD32}.Release|x64.Build.0 = Release|x64
		{00FDA619-E0B2-479A-8A00-A2C6555FBD32}.Release|x86.ActiveCfg = Release|Win32
		{00FDA619-E0B2-479A-8A00-A2C6555FBD32}.Release|x86.Build.0 = Release|Win32
		{FAB0DA19-86FD-4995-BE88-4426024A7683}.Debug|x64.ActiveCfg = Debug|x64
		{FAB0DA19-86FD-4995-BE88-4426024A7683}.Debug|x64.Build.0 = Debug|x64
		{FAB0DA19-86FD-4995-BE88-4426024A7683}.Debug|x86.ActiveCfg = Debug|Win32
		{FAB0DA19-86FD-4995-BE88-4426024A7683}.Debug|x86.Build.0 = Debug|Win32
		{FAB0DA19-86FD-4995-BE88-4426024A7683}.Release|x64.ActiveCfg = Release|x64
		{FAB0DA19-86FD-4995-BE88-4426024A7683}.Release|x64.Build.0 = Release|x64
		{FAB0DA19-86FD-4995-BE88-4426024A7683}.Release|x86.ActiveCfg = Release|Win32
		{FAB0DA19-86FD-4995-BE88-4426024A7683}.Release|x86.Build.0 = Release|Win32
		{4A2684F1-445E-486D-BF73-2801A84F7985}.Debug|x64.ActiveCfg = Debug|x64
		{4A2684F1-445E-486D-BF73-2801A84F7985}.Debug|x64.Build.0 = Debug|x64
		{4A2684F1-445E-486D-BF73-2801A84F7985}.Debug|x86.ActiveCfg = Debug|Win32
		{4A2684F1-445E-486D-BF73-2801A84F7985}.Debug|x86.Build.0 = Debug|Win32
		{4A2684F1-445E-486D-BF73-2801A84F7985}.Release|x64.ActiveCfg = Release|x64
		{4A2684F1-445E-486D-BF73-2801A84F7985}.Release|x64.Build.0 = Release|x64
		{4A2684F1-445E-486D-BF73-2801A84F7985}.Release|x86.ActiveCfg = Release|Win32
		{4A2684F1-445E-486D-BF73-2801A84F7985}.Release|x86.Build.0 = Release|Win32
		{62AA7ED9-7355-4A28-AE22-E60044EECF9A}.Debug|x64.ActiveCfg = Debug|x64
		{62AA7ED9-7355-4A28-AE22-E60044EECF9A}.Debug|x64.Build.0 = Debug|x64
		{62AA7ED9-7355-4A28-AE22-E60044EECF9A}.Debug|x86.ActiveCfg = Debug|Win32
		{62AA7ED9-7355-4A28-AE22-E60044EECF9A}.Debug|x86.Build.0 = Debug|Win32
		{62AA7ED9-7355-4A28-AE22-E60044EECF9A}.Release|x64.ActiveCfg = Release|x64
		{62AA7ED9-7355-4A28-AE22-E60044EECF9A}.Release|x64.Build.0 = Release|x64
		{62AA7ED9-7355-4A28-AE22-E60044EECF9A}.Release|x86.ActiveCfg = Release|Win32
		{62AA7ED9-7355-4A28-AE22-E60044EECF9A}.Release|x86.Build.0 = Release|Win32
		{16E7F55E-D690-4805-A81A-BDBE43188D24}.Debug|x64.ActiveCfg = Debug|x64
		{16E7F55E-D690-4805-A81A-BDBE43188D24}.Debug|x64.Build.0 = Debug|x64
		{16E7F55E-D690-4805-A81A-BDBE43188D24}.Debug|x86.ActiveCfg = Debug|Win32
		{16E7F55E-D690-4805-A81A-BDBE43188D24}.Debug|x86.Build.0 = Debug|Win32
		{16E7F55E-D690-4805-A81A-BDBE43188D24}.Release|x64.ActiveCfg = Release|x64
		{16E7F55E-D690-4805-A81A-BDBE43188D24}.Release|x64.Build.0 = Release|x64
		{16E7F55E-D690-4805-A81A-BDBE43188D24}.Release|x86.ActiveCfg = Release|Win32
		{16E7F55E-D690-4805-A81A-BDBE43188D24}.Release|x86.Build.0 = Release|Win32
	EndGlobalSection
	GlobalSection(SolutionProperties) = preSolution
		HideSolutionNode = FALSE
	EndGlobalSection
	GlobalSection(NestedProjects) = preSolution
		{D8C0769E-99F5-44E2-93D4-361790B431CA} = {0A254A01-AD66-46AD-894E-ADF5ED748391}
		{C7FEC9EE-600E-4C5D-974C-B598DFE085B0} = {0A254A01-AD66-46AD-894E-ADF5ED748391}
		{7C21A6B1-BFB6-4AF9-9BA1-8B661F6F7840} = {0A254A01-AD66-46AD-894E-ADF5ED748391}
		{00FDA619-E0B2-479A-8A00-A2C6555FBD32} = {0A254A01-AD66-46AD-894E-ADF5ED748391}
		{FAB0DA19-86FD-4995-BE88-4426024A7683} = {0A254A01-AD66-46AD-894E-ADF5ED748391}
		{4A2684F1-445E-486D-BF73-2801A84F7985} = {0A254A01-AD66-46AD-894E-ADF5ED748391}
		{62AA7ED9-7355-4A28-AE22-E60044EECF9A} = {0A254A01-AD66-46AD-894E-ADF5ED748391}
		{16E7F55E-D690-4805-A81A-BDBE43188D24} = {0A254A01-AD66-46AD-894E-ADF5ED748391}
	EndGlobalSection
EndGlobal
